// !$*UTF8*$!
{
	archiveVersion = 1;
	classes = {
	};
	objectVersion = 56;
	objects = {

/* Begin PBXBuildFile section */
		C1D408082B16A43800162ADC /* GLUT.framework in Frameworks */ = {isa = PBXBuildFile; fileRef = C1D408062B16A43700162ADC /* GLUT.framework */; };
		C1D408092B16A43800162ADC /* OpenGL.framework in Frameworks */ = {isa = PBXBuildFile; fileRef = C1D408072B16A43700162ADC /* OpenGL.framework */; };
		C1D408262B16A45700162ADC /* simulator.cpp in Sources */ = {isa = PBXBuildFile; fileRef = C1D4080D2B16A45600162ADC /* simulator.cpp */; };
		C1D408272B16A45700162ADC /* acceleration.cpp in Sources */ = {isa = PBXBuildFile; fileRef = C1D408102B16A45600162ADC /* acceleration.cpp */; };
		C1D408282B16A45700162ADC /* uiDraw.cpp in Sources */ = {isa = PBXBuildFile; fileRef = C1D408112B16A45600162ADC /* uiDraw.cpp */; };
		C1D408292B16A45700162ADC /* position.cpp in Sources */ = {isa = PBXBuildFile; fileRef = C1D408122B16A45600162ADC /* position.cpp */; };
		C1D4082A2B16A45700162ADC /* ground.cpp in Sources */ = {isa = PBXBuildFile; fileRef = C1D408162B16A45600162ADC /* ground.cpp */; };
		C1D4082B2B16A45700162ADC /* velocity.cpp in Sources */ = {isa = PBXBuildFile; fileRef = C1D408192B16A45600162ADC /* velocity.cpp */; };
		C1D4082C2B16A45700162ADC /* test.cpp in Sources */ = {isa = PBXBuildFile; fileRef = C1D408222B16A45700162ADC /* test.cpp */; };
		C1D4082D2B16A45700162ADC /* angle.cpp in Sources */ = {isa = PBXBuildFile; fileRef = C1D408232B16A45700162ADC /* angle.cpp */; };
		C1D4082E2B16A45700162ADC /* uiInteract.cpp in Sources */ = {isa = PBXBuildFile; fileRef = C1D408242B16A45700162ADC /* uiInteract.cpp */; };
		C1D4082F2B16A45700162ADC /* lander.cpp in Sources */ = {isa = PBXBuildFile; fileRef = C1D408252B16A45700162ADC /* lander.cpp */; };
/* End PBXBuildFile section */

/* Begin PBXCopyFilesBuildPhase section */
		C1D407F92B16A3BA00162ADC /* CopyFiles */ = {
			isa = PBXCopyFilesBuildPhase;
			buildActionMask = 2147483647;
			dstPath = /usr/share/man/man1/;
			dstSubfolderSpec = 0;
			files = (
			);
			runOnlyForDeploymentPostprocessing = 1;
		};
/* End PBXCopyFilesBuildPhase section */

/* Begin PBXFileReference section */
		C1D407FB2B16A3BA00162ADC /* lab05 */ = {isa = PBXFileReference; explicitFileType = "compiled.mach-o.executable"; includeInIndex = 0; path = lab05; sourceTree = BUILT_PRODUCTS_DIR; };
		C1D408062B16A43700162ADC /* GLUT.framework */ = {isa = PBXFileReference; lastKnownFileType = wrapper.framework; name = GLUT.framework; path = System/Library/Frameworks/GLUT.framework; sourceTree = SDKROOT; };
		C1D408072B16A43700162ADC /* OpenGL.framework */ = {isa = PBXFileReference; lastKnownFileType = wrapper.framework; name = OpenGL.framework; path = System/Library/Frameworks/OpenGL.framework; sourceTree = SDKROOT; };
		C1D4080A2B16A45600162ADC /* ground.h */ = {isa = PBXFileReference; fileEncoding = 4; lastKnownFileType = sourcecode.c.h; path = ground.h; sourceTree = "<group>"; };
		C1D4080B2B16A45600162ADC /* testVelocity.h */ = {isa = PBXFileReference; fileEncoding = 4; lastKnownFileType = sourcecode.c.h; path = testVelocity.h; sourceTree = "<group>"; };
		C1D4080C2B16A45600162ADC /* star.h */ = {isa = PBXFileReference; fileEncoding = 4; lastKnownFileType = sourcecode.c.h; path = star.h; sourceTree = "<group>"; };
		C1D4080D2B16A45600162ADC /* simulator.cpp */ = {isa = PBXFileReference; fileEncoding = 4; lastKnownFileType = sourcecode.cpp.cpp; path = simulator.cpp; sourceTree = "<group>"; };
		C1D4080E2B16A45600162ADC /* test.h */ = {isa = PBXFileReference; fileEncoding = 4; lastKnownFileType = sourcecode.c.h; path = test.h; sourceTree = "<group>"; };
		C1D4080F2B16A45600162ADC /* uiInteract.h */ = {isa = PBXFileReference; fileEncoding = 4; lastKnownFileType = sourcecode.c.h; path = uiInteract.h; sourceTree = "<group>"; };
		C1D408102B16A45600162ADC /* acceleration.cpp */ = {isa = PBXFileReference; fileEncoding = 4; lastKnownFileType = sourcecode.cpp.cpp; path = acceleration.cpp; sourceTree = "<group>"; };
		C1D408112B16A45600162ADC /* uiDraw.cpp */ = {isa = PBXFileReference; fileEncoding = 4; lastKnownFileType = sourcecode.cpp.cpp; path = uiDraw.cpp; sourceTree = "<group>"; };
		C1D408122B16A45600162ADC /* position.cpp */ = {isa = PBXFileReference; fileEncoding = 4; lastKnownFileType = sourcecode.cpp.cpp; path = position.cpp; sourceTree = "<group>"; };
		C1D408132B16A45600162ADC /* lander.h */ = {isa = PBXFileReference; fileEncoding = 4; lastKnownFileType = sourcecode.c.h; path = lander.h; sourceTree = "<group>"; };
		C1D408142B16A45600162ADC /* testAcceleration.h */ = {isa = PBXFileReference; fileEncoding = 4; lastKnownFileType = sourcecode.c.h; path = testAcceleration.h; sourceTree = "<group>"; };
		C1D408152B16A45600162ADC /* position.h */ = {isa = PBXFileReference; fileEncoding = 4; lastKnownFileType = sourcecode.c.h; path = position.h; sourceTree = "<group>"; };
		C1D408162B16A45600162ADC /* ground.cpp */ = {isa = PBXFileReference; fileEncoding = 4; lastKnownFileType = sourcecode.cpp.cpp; path = ground.cpp; sourceTree = "<group>"; };
		C1D408172B16A45600162ADC /* unitTest.h */ = {isa = PBXFileReference; fileEncoding = 4; lastKnownFileType = sourcecode.c.h; path = unitTest.h; sourceTree = "<group>"; };
		C1D408182B16A45600162ADC /* velocity.h */ = {isa = PBXFileReference; fileEncoding = 4; lastKnownFileType = sourcecode.c.h; path = velocity.h; sourceTree = "<group>"; };
		C1D408192B16A45600162ADC /* velocity.cpp */ = {isa = PBXFileReference; fileEncoding = 4; lastKnownFileType = sourcecode.cpp.cpp; path = velocity.cpp; sourceTree = "<group>"; };
		C1D4081A2B16A45700162ADC /* thrust.h */ = {isa = PBXFileReference; fileEncoding = 4; lastKnownFileType = sourcecode.c.h; path = thrust.h; sourceTree = "<group>"; };
		C1D4081B2B16A45700162ADC /* testThrust.h */ = {isa = PBXFileReference; fileEncoding = 4; lastKnownFileType = sourcecode.c.h; path = testThrust.h; sourceTree = "<group>"; };
		C1D4081C2B16A45700162ADC /* testAngle.h */ = {isa = PBXFileReference; fileEncoding = 4; lastKnownFileType = sourcecode.c.h; path = testAngle.h; sourceTree = "<group>"; };
		C1D4081D2B16A45700162ADC /* acceleration.h */ = {isa = PBXFileReference; fileEncoding = 4; lastKnownFileType = sourcecode.c.h; path = acceleration.h; sourceTree = "<group>"; };
		C1D4081E2B16A45700162ADC /* testLander.h */ = {isa = PBXFileReference; fileEncoding = 4; lastKnownFileType = sourcecode.c.h; path = testLander.h; sourceTree = "<group>"; };
		C1D4081F2B16A45700162ADC /* angle.h */ = {isa = PBXFileReference; fileEncoding = 4; lastKnownFileType = sourcecode.c.h; path = angle.h; sourceTree = "<group>"; };
		C1D408202B16A45700162ADC /* uiDraw.h */ = {isa = PBXFileReference; fileEncoding = 4; lastKnownFileType = sourcecode.c.h; path = uiDraw.h; sourceTree = "<group>"; };
		C1D408212B16A45700162ADC /* testPosition.h */ = {isa = PBXFileReference; fileEncoding = 4; lastKnownFileType = sourcecode.c.h; path = testPosition.h; sourceTree = "<group>"; };
		C1D408222B16A45700162ADC /* test.cpp */ = {isa = PBXFileReference; fileEncoding = 4; lastKnownFileType = sourcecode.cpp.cpp; path = test.cpp; sourceTree = "<group>"; };
		C1D408232B16A45700162ADC /* angle.cpp */ = {isa = PBXFileReference; fileEncoding = 4; lastKnownFileType = sourcecode.cpp.cpp; path = angle.cpp; sourceTree = "<group>"; };
		C1D408242B16A45700162ADC /* uiInteract.cpp */ = {isa = PBXFileReference; fileEncoding = 4; lastKnownFileType = sourcecode.cpp.cpp; path = uiInteract.cpp; sourceTree = "<group>"; };
		C1D408252B16A45700162ADC /* lander.cpp */ = {isa = PBXFileReference; fileEncoding = 4; lastKnownFileType = sourcecode.cpp.cpp; path = lander.cpp; sourceTree = "<group>"; };
/* End PBXFileReference section */

/* Begin PBXFrameworksBuildPhase section */
		C1D407F82B16A3BA00162ADC /* Frameworks */ = {
			isa = PBXFrameworksBuildPhase;
			buildActionMask = 2147483647;
			files = (
				C1D408082B16A43800162ADC /* GLUT.framework in Frameworks */,
				C1D408092B16A43800162ADC /* OpenGL.framework in Frameworks */,
			);
			runOnlyForDeploymentPostprocessing = 0;
		};
/* End PBXFrameworksBuildPhase section */

/* Begin PBXGroup section */
		C1D407F22B16A3BA00162ADC = {
			isa = PBXGroup;
			children = (
				C1D408102B16A45600162ADC /* acceleration.cpp */,
				C1D4081D2B16A45700162ADC /* acceleration.h */,
				C1D408232B16A45700162ADC /* angle.cpp */,
				C1D4081F2B16A45700162ADC /* angle.h */,
				C1D408162B16A45600162ADC /* ground.cpp */,
				C1D4080A2B16A45600162ADC /* ground.h */,
				C1D408252B16A45700162ADC /* lander.cpp */,
				C1D408132B16A45600162ADC /* lander.h */,
				C1D408122B16A45600162ADC /* position.cpp */,
				C1D408152B16A45600162ADC /* position.h */,
				C1D4080D2B16A45600162ADC /* simulator.cpp */,
				C1D4080C2B16A45600162ADC /* star.h */,
				C1D408222B16A45700162ADC /* test.cpp */,
				C1D4080E2B16A45600162ADC /* test.h */,
				C1D408142B16A45600162ADC /* testAcceleration.h */,
				C1D4081C2B16A45700162ADC /* testAngle.h */,
				C1D4081E2B16A45700162ADC /* testLander.h */,
				C1D408212B16A45700162ADC /* testPosition.h */,
				C1D4081B2B16A45700162ADC /* testThrust.h */,
				C1D4080B2B16A45600162ADC /* testVelocity.h */,
				C1D4081A2B16A45700162ADC /* thrust.h */,
				C1D408112B16A45600162ADC /* uiDraw.cpp */,
				C1D408202B16A45700162ADC /* uiDraw.h */,
				C1D408242B16A45700162ADC /* uiInteract.cpp */,
				C1D4080F2B16A45600162ADC /* uiInteract.h */,
				C1D408172B16A45600162ADC /* unitTest.h */,
				C1D408192B16A45600162ADC /* velocity.cpp */,
				C1D408182B16A45600162ADC /* velocity.h */,
				C1D407FC2B16A3BA00162ADC /* Products */,
				C1D408052B16A43700162ADC /* Frameworks */,
			);
			sourceTree = "<group>";
		};
		C1D407FC2B16A3BA00162ADC /* Products */ = {
			isa = PBXGroup;
			children = (
				C1D407FB2B16A3BA00162ADC /* lab05 */,
			);
			name = Products;
			sourceTree = "<group>";
		};
		C1D408052B16A43700162ADC /* Frameworks */ = {
			isa = PBXGroup;
			children = (
				C1D408062B16A43700162ADC /* GLUT.framework */,
				C1D408072B16A43700162ADC /* OpenGL.framework */,
			);
			name = Frameworks;
			sourceTree = "<group>";
		};
/* End PBXGroup section */

/* Begin PBXNativeTarget section */
		C1D407FA2B16A3BA00162ADC /* lab05 */ = {
			isa = PBXNativeTarget;
			buildConfigurationList = C1D408022B16A3BA00162ADC /* Build configuration list for PBXNativeTarget "lab05" */;
			buildPhases = (
				C1D407F72B16A3BA00162ADC /* Sources */,
				C1D407F82B16A3BA00162ADC /* Frameworks */,
				C1D407F92B16A3BA00162ADC /* CopyFiles */,
			);
			buildRules = (
			);
			dependencies = (
			);
			name = lab05;
			productName = lab05;
			productReference = C1D407FB2B16A3BA00162ADC /* lab05 */;
			productType = "com.apple.product-type.tool";
		};
/* End PBXNativeTarget section */

/* Begin PBXProject section */
		C1D407F32B16A3BA00162ADC /* Project object */ = {
			isa = PBXProject;
			attributes = {
				BuildIndependentTargetsInParallel = 1;
				LastUpgradeCheck = 1500;
				TargetAttributes = {
					C1D407FA2B16A3BA00162ADC = {
						CreatedOnToolsVersion = 15.0.1;
					};
				};
			};
			buildConfigurationList = C1D407F62B16A3BA00162ADC /* Build configuration list for PBXProject "lab05" */;
			compatibilityVersion = "Xcode 14.0";
			developmentRegion = en;
			hasScannedForEncodings = 0;
			knownRegions = (
				en,
				Base,
			);
			mainGroup = C1D407F22B16A3BA00162ADC;
			productRefGroup = C1D407FC2B16A3BA00162ADC /* Products */;
			projectDirPath = "";
			projectRoot = "";
			targets = (
				C1D407FA2B16A3BA00162ADC /* lab05 */,
			);
		};
/* End PBXProject section */

/* Begin PBXSourcesBuildPhase section */
		C1D407F72B16A3BA00162ADC /* Sources */ = {
			isa = PBXSourcesBuildPhase;
			buildActionMask = 2147483647;
			files = (
				C1D408262B16A45700162ADC /* simulator.cpp in Sources */,
				C1D4082F2B16A45700162ADC /* lander.cpp in Sources */,
				C1D4082D2B16A45700162ADC /* angle.cpp in Sources */,
				C1D4082E2B16A45700162ADC /* uiInteract.cpp in Sources */,
				C1D408272B16A45700162ADC /* acceleration.cpp in Sources */,
				C1D408292B16A45700162ADC /* position.cpp in Sources */,
				C1D408282B16A45700162ADC /* uiDraw.cpp in Sources */,
				C1D4082B2B16A45700162ADC /* velocity.cpp in Sources */,
				C1D4082C2B16A45700162ADC /* test.cpp in Sources */,
				C1D4082A2B16A45700162ADC /* ground.cpp in Sources */,
			);
			runOnlyForDeploymentPostprocessing = 0;
		};
/* End PBXSourcesBuildPhase section */

/* Begin XCBuildConfiguration section */
		C1D408002B16A3BA00162ADC /* Debug */ = {
			isa = XCBuildConfiguration;
			buildSettings = {
				ALWAYS_SEARCH_USER_PATHS = NO;
				ASSETCATALOG_COMPILER_GENERATE_SWIFT_ASSET_SYMBOL_EXTENSIONS = YES;
				CLANG_ANALYZER_NONNULL = YES;
				CLANG_ANALYZER_NUMBER_OBJECT_CONVERSION = YES_AGGRESSIVE;
				CLANG_CXX_LANGUAGE_STANDARD = "gnu++20";
				CLANG_ENABLE_MODULES = YES;
				CLANG_ENABLE_OBJC_ARC = YES;
				CLANG_ENABLE_OBJC_WEAK = YES;
				CLANG_WARN_BLOCK_CAPTURE_AUTORELEASING = YES;
				CLANG_WARN_BOOL_CONVERSION = YES;
				CLANG_WARN_COMMA = YES;
				CLANG_WARN_CONSTANT_CONVERSION = YES;
				CLANG_WARN_DEPRECATED_OBJC_IMPLEMENTATIONS = YES;
				CLANG_WARN_DIRECT_OBJC_ISA_USAGE = YES_ERROR;
				CLANG_WARN_DOCUMENTATION_COMMENTS = YES;
				CLANG_WARN_EMPTY_BODY = YES;
				CLANG_WARN_ENUM_CONVERSION = YES;
				CLANG_WARN_INFINITE_RECURSION = YES;
				CLANG_WARN_INT_CONVERSION = YES;
				CLANG_WARN_NON_LITERAL_NULL_CONVERSION = YES;
				CLANG_WARN_OBJC_IMPLICIT_RETAIN_SELF = YES;
				CLANG_WARN_OBJC_LITERAL_CONVERSION = YES;
				CLANG_WARN_OBJC_ROOT_CLASS = YES_ERROR;
				CLANG_WARN_QUOTED_INCLUDE_IN_FRAMEWORK_HEADER = YES;
				CLANG_WARN_RANGE_LOOP_ANALYSIS = YES;
				CLANG_WARN_STRICT_PROTOTYPES = YES;
				CLANG_WARN_SUSPICIOUS_MOVE = YES;
				CLANG_WARN_UNGUARDED_AVAILABILITY = YES_AGGRESSIVE;
				CLANG_WARN_UNREACHABLE_CODE = YES;
				CLANG_WARN__DUPLICATE_METHOD_MATCH = YES;
				COPY_PHASE_STRIP = NO;
				DEBUG_INFORMATION_FORMAT = dwarf;
				ENABLE_STRICT_OBJC_MSGSEND = YES;
				ENABLE_TESTABILITY = YES;
				ENABLE_USER_SCRIPT_SANDBOXING = YES;
				GCC_C_LANGUAGE_STANDARD = gnu17;
				GCC_DYNAMIC_NO_PIC = NO;
				GCC_NO_COMMON_BLOCKS = YES;
				GCC_OPTIMIZATION_LEVEL = 0;
				GCC_PREPROCESSOR_DEFINITIONS = (
					"DEBUG=1",
					"$(inherited)",
				);
				GCC_WARN_64_TO_32_BIT_CONVERSION = YES;
				GCC_WARN_ABOUT_RETURN_TYPE = YES_ERROR;
				GCC_WARN_UNDECLARED_SELECTOR = YES;
				GCC_WARN_UNINITIALIZED_AUTOS = YES_AGGRESSIVE;
				GCC_WARN_UNUSED_FUNCTION = YES;
				GCC_WARN_UNUSED_VARIABLE = YES;
				LOCALIZATION_PREFERS_STRING_CATALOGS = YES;
				MACOSX_DEPLOYMENT_TARGET = 14.0;
				MTL_ENABLE_DEBUG_INFO = INCLUDE_SOURCE;
				MTL_FAST_MATH = YES;
				ONLY_ACTIVE_ARCH = YES;
				SDKROOT = macosx;
			};
			name = Debug;
		};
		C1D408012B16A3BA00162ADC /* Release */ = {
			isa = XCBuildConfiguration;
			buildSettings = {
				ALWAYS_SEARCH_USER_PATHS = NO;
				ASSETCATALOG_COMPILER_GENERATE_SWIFT_ASSET_SYMBOL_EXTENSIONS = YES;
				CLANG_ANALYZER_NONNULL = YES;
				CLANG_ANALYZER_NUMBER_OBJECT_CONVERSION = YES_AGGRESSIVE;
				CLANG_CXX_LANGUAGE_STANDARD = "gnu++20";
				CLANG_ENABLE_MODULES = YES;
				CLANG_ENABLE_OBJC_ARC = YES;
				CLANG_ENABLE_OBJC_WEAK = YES;
				CLANG_WARN_BLOCK_CAPTURE_AUTORELEASING = YES;
				CLANG_WARN_BOOL_CONVERSION = YES;
				CLANG_WARN_COMMA = YES;
				CLANG_WARN_CONSTANT_CONVERSION = YES;
				CLANG_WARN_DEPRECATED_OBJC_IMPLEMENTATIONS = YES;
				CLANG_WARN_DIRECT_OBJC_ISA_USAGE = YES_ERROR;
				CLANG_WARN_DOCUMENTATION_COMMENTS = YES;
				CLANG_WARN_EMPTY_BODY = YES;
				CLANG_WARN_ENUM_CONVERSION = YES;
				CLANG_WARN_INFINITE_RECURSION = YES;
				CLANG_WARN_INT_CONVERSION = YES;
				CLANG_WARN_NON_LITERAL_NULL_CONVERSION = YES;
				CLANG_WARN_OBJC_IMPLICIT_RETAIN_SELF = YES;
				CLANG_WARN_OBJC_LITERAL_CONVERSION = YES;
				CLANG_WARN_OBJC_ROOT_CLASS = YES_ERROR;
				CLANG_WARN_QUOTED_INCLUDE_IN_FRAMEWORK_HEADER = YES;
				CLANG_WARN_RANGE_LOOP_ANALYSIS = YES;
				CLANG_WARN_STRICT_PROTOTYPES = YES;
				CLANG_WARN_SUSPICIOUS_MOVE = YES;
				CLANG_WARN_UNGUARDED_AVAILABILITY = YES_AGGRESSIVE;
				CLANG_WARN_UNREACHABLE_CODE = YES;
				CLANG_WARN__DUPLICATE_METHOD_MATCH = YES;
				COPY_PHASE_STRIP = NO;
				DEBUG_INFORMATION_FORMAT = "dwarf-with-dsym";
				ENABLE_NS_ASSERTIONS = NO;
				ENABLE_STRICT_OBJC_MSGSEND = YES;
				ENABLE_USER_SCRIPT_SANDBOXING = YES;
				GCC_C_LANGUAGE_STANDARD = gnu17;
				GCC_NO_COMMON_BLOCKS = YES;
				GCC_WARN_64_TO_32_BIT_CONVERSION = YES;
				GCC_WARN_ABOUT_RETURN_TYPE = YES_ERROR;
				GCC_WARN_UNDECLARED_SELECTOR = YES;
				GCC_WARN_UNINITIALIZED_AUTOS = YES_AGGRESSIVE;
				GCC_WARN_UNUSED_FUNCTION = YES;
				GCC_WARN_UNUSED_VARIABLE = YES;
				LOCALIZATION_PREFERS_STRING_CATALOGS = YES;
				MACOSX_DEPLOYMENT_TARGET = 14.0;
				MTL_ENABLE_DEBUG_INFO = NO;
				MTL_FAST_MATH = YES;
				SDKROOT = macosx;
			};
			name = Release;
		};
		C1D408032B16A3BA00162ADC /* Debug */ = {
			isa = XCBuildConfiguration;
			buildSettings = {
				CODE_SIGN_STYLE = Automatic;
				PRODUCT_NAME = "$(TARGET_NAME)";
			};
			name = Debug;
		};
		C1D408042B16A3BA00162ADC /* Release */ = {
			isa = XCBuildConfiguration;
			buildSettings = {
				CODE_SIGN_STYLE = Automatic;
				PRODUCT_NAME = "$(TARGET_NAME)";
			};
			name = Release;
		};
/* End XCBuildConfiguration section */

/* Begin XCConfigurationList section */
		C1D407F62B16A3BA00162ADC /* Build configuration list for PBXProject "lab05" */ = {
			isa = XCConfigurationList;
			buildConfigurations = (
				C1D408002B16A3BA00162ADC /* Debug */,
				C1D408012B16A3BA00162ADC /* Release */,
			);
			defaultConfigurationIsVisible = 0;
			defaultConfigurationName = Release;
		};
		C1D408022B16A3BA00162ADC /* Build configuration list for PBXNativeTarget "lab05" */ = {
			isa = XCConfigurationList;
			buildConfigurations = (
				C1D408032B16A3BA00162ADC /* Debug */,
				C1D408042B16A3BA00162ADC /* Release */,
			);
			defaultConfigurationIsVisible = 0;
			defaultConfigurationName = Release;
		};
/* End XCConfigurationList section */
	};
	rootObject = C1D407F32B16A3BA00162ADC /* Project object */;
}
